<?xml version="1.0" encoding="utf-8"?>
<Project ToolsVersion="4.0" xmlns="http://schemas.microsoft.com/developer/msbuild/2003">
  <ItemGroup>
    <Filter Include="Header Files">
      <UniqueIdentifier>{93995380-89BD-4b04-88EB-625FBE52EBFB}</UniqueIdentifier>
      <Extensions>h;hpp;hxx;hm;inl;inc;xsd</Extensions>
    </Filter>
    <Filter Include="Resource Files">
      <UniqueIdentifier>{67DA6AB6-F800-4c08-8B7A-83BB121AAD01}</UniqueIdentifier>
      <Extensions>rc;ico;cur;bmp;dlg;rc2;rct;bin;rgs;gif;jpg;jpeg;jpe;resx;tiff;tif;png;wav;mfcribbon-ms</Extensions>
    </Filter>
    <Filter Include="Header Files\OBJLoader">
      <UniqueIdentifier>{e98cbddb-39dd-468c-99eb-64f15dee6cc2}</UniqueIdentifier>
    </Filter>
    <Filter Include="Header Files\GLFont">
      <UniqueIdentifier>{bfc47fe2-09d8-4317-8f7b-66d6be1f8b52}</UniqueIdentifier>
    </Filter>
    <Filter Include="SourceFiles">
      <UniqueIdentifier>{4FC737F1-C7A5-4376-A066-2A32D752A2FF}</UniqueIdentifier>
      <Extensions>cpp;c;cc;cxx;def;odl;idl;hpj;bat;asm;asmx</Extensions>
    </Filter>
    <Filter Include="SourceFiles\OBJLoader">
      <UniqueIdentifier>{bc8c71b7-2cad-463b-aac3-2cf571ea61a7}</UniqueIdentifier>
    </Filter>
    <Filter Include="SourceFiles\GLFont">
      <UniqueIdentifier>{cb7c7956-03f2-4e71-adf0-fde5a3db6aab}</UniqueIdentifier>
    </Filter>
    <Filter Include="WaterSimulation">
      <UniqueIdentifier>{e764c635-da20-4ea4-905c-0e4592f69dfe}</UniqueIdentifier>
    </Filter>
  </ItemGroup>
  <ItemGroup>
    <None Include="small.ico">
      <Filter>Resource Files</Filter>
    </None>
    <None Include="IntroGL.ico">
      <Filter>Resource Files</Filter>
    </None>
  </ItemGroup>
  <ItemGroup>
    <ClInclude Include="stdafx.h">
      <Filter>Header Files</Filter>
    </ClInclude>
    <ClInclude Include="targetver.h">
      <Filter>Header Files</Filter>
    </ClInclude>
    <ClInclude Include="Resource.h">
      <Filter>Header Files</Filter>
    </ClInclude>
    <ClInclude Include="IntroGL.h">
      <Filter>Header Files</Filter>
    </ClInclude>
    <ClInclude Include="GLUtils.h">
      <Filter>Header Files</Filter>
    </ClInclude>
    <ClInclude Include="GLApp.h">
      <Filter>Header Files</Filter>
    </ClInclude>
    <ClInclude Include="Camera.h">
      <Filter>Header Files</Filter>
    </ClInclude>
    <ClInclude Include="GLMesh.h">
      <Filter>Header Files</Filter>
    </ClInclude>
    <ClInclude Include="GLFont\GLFont.h">
      <Filter>Header Files\GLFont</Filter>
    </ClInclude>
    <ClInclude Include="OBJLoader\list.h">
      <Filter>Header Files\OBJLoader</Filter>
    </ClInclude>
    <ClInclude Include="OBJLoader\obj_parser.h">
      <Filter>Header Files\OBJLoader</Filter>
    </ClInclude>
    <ClInclude Include="OBJLoader\objLoader.h">
      <Filter>Header Files\OBJLoader</Filter>
    </ClInclude>
    <ClInclude Include="OBJLoader\string_extra.h">
      <Filter>Header Files\OBJLoader</Filter>
    </ClInclude>
    <ClInclude Include="..\Water Simulation\FIELD_2D.h">
      <Filter>WaterSimulation</Filter>
    </ClInclude>
    <ClInclude Include="..\Water Simulation\FIELD_3D.h">
      <Filter>WaterSimulation</Filter>
    </ClInclude>
    <ClInclude Include="..\Water Simulation\HW1.h">
      <Filter>WaterSimulation</Filter>
    </ClInclude>
    <ClInclude Include="..\Water Simulation\PARTICLE.h">
      <Filter>WaterSimulation</Filter>
    </ClInclude>
    <ClInclude Include="..\Water Simulation\PARTICLE_SYSTEM.h">
      <Filter>WaterSimulation</Filter>
    </ClInclude>
    <ClInclude Include="..\Water Simulation\VEC3D.h">
      <Filter>WaterSimulation</Filter>
    </ClInclude>
    <ClInclude Include="..\Water Simulation\VEC3F.h">
      <Filter>WaterSimulation</Filter>
    </ClInclude>
    <ClInclude Include="..\Water Simulation\WALL.h">
      <Filter>WaterSimulation</Filter>
    </ClInclude>
  </ItemGroup>
  <ItemGroup>
    <ClCompile Include="stdafx.cpp">
      <Filter>SourceFiles</Filter>
    </ClCompile>
    <ClCompile Include="IntroGL.cpp">
      <Filter>SourceFiles</Filter>
    </ClCompile>
    <ClCompile Include="GLUtils.cpp">
      <Filter>SourceFiles</Filter>
    </ClCompile>
    <ClCompile Include="GLApp.cpp">
      <Filter>SourceFiles</Filter>
    </ClCompile>
    <ClCompile Include="Camera.cpp">
      <Filter>SourceFiles</Filter>
    </ClCompile>
    <ClCompile Include="GLMesh.cpp">
      <Filter>SourceFiles</Filter>
    </ClCompile>
    <ClCompile Include="GLFont\GLFont.cpp">
      <Filter>SourceFiles\GLFont</Filter>
    </ClCompile>
    <ClCompile Include="OBJLoader\list.cpp">
      <Filter>SourceFiles\OBJLoader</Filter>
    </ClCompile>
    <ClCompile Include="OBJLoader\obj_parser.cpp">
      <Filter>SourceFiles\OBJLoader</Filter>
    </ClCompile>
    <ClCompile Include="OBJLoader\objLoader.cpp">
      <Filter>SourceFiles\OBJLoader</Filter>
    </ClCompile>
    <ClCompile Include="OBJLoader\string_extra.cpp">
      <Filter>SourceFiles\OBJLoader</Filter>
    </ClCompile>
    <ClCompile Include="..\Water Simulation\FIELD_2D.cpp">
      <Filter>WaterSimulation</Filter>
    </ClCompile>
    <ClCompile Include="..\Water Simulation\FIELD_3D.cpp">
      <Filter>WaterSimulation</Filter>
    </ClCompile>
    <ClCompile Include="..\Water Simulation\HW1.cpp">
      <Filter>WaterSimulation</Filter>
    </ClCompile>
    <ClCompile Include="..\Water Simulation\PARTICLE.cpp">
      <Filter>WaterSimulation</Filter>
    </ClCompile>
    <ClCompile Include="..\Water Simulation\PARTICLE_SYSTEM.cpp">
      <Filter>WaterSimulation</Filter>
    </ClCompile>
    <ClCompile Include="..\Water Simulation\WALL.cpp">
      <Filter>WaterSimulation</Filter>
    </ClCompile>
  </ItemGroup>
  <ItemGroup>
    <ResourceCompile Include="IntroGL.rc">
      <Filter>Resource Files</Filter>
    </ResourceCompile>
  </ItemGroup>
</Project>